{
  "name": "assets",
  "version": "1.0.0",
  "lockfileVersion": 1,
  "requires": true,
  "dependencies": {
    "@alpinejs/collapse": {
      "version": "3.14.9",
      "resolved": "https://registry.npmjs.org/@alpinejs/collapse/-/collapse-3.14.9.tgz",
      "integrity": "sha512-cUjbBVo4KR/CfFg0cLB+Q7a8SnjmD4MdxmtZvFjh25Dlf/ZWYPSPx/28b+aAykuX/SUoDPQRmdFiVVvq+iILHw=="
    },
    "@alpinejs/focus": {
      "version": "3.14.9",
      "resolved": "https://registry.npmjs.org/@alpinejs/focus/-/focus-3.14.9.tgz",
      "integrity": "sha512-+OMOcdkyEUr3gYWD0ZVqojLotI9D67F5BxGesDfZcPaGtNifXMoq0vt0UVDivGnXQXosOfNpO++GF4NzGrWE9Q==",
      "requires": {
        "focus-trap": "^6.9.4",
        "tabbable": "^5.3.3"
      }
    },
    "@alpinejs/intersect": {
      "version": "3.14.9",
      "resolved": "https://registry.npmjs.org/@alpinejs/intersect/-/intersect-3.14.9.tgz",
      "integrity": "sha512-6LLIqrESA5kxuTbDJshtItfHmZoiiDOpf8lOeRrNtYjSj/FkggDpnjD+ZFGF5btEOVSpWic2VmG2BejR/aMxDw=="
    },
    "@alpinejs/persist": {
      "version": "3.14.9",
      "resolved": "https://registry.npmjs.org/@alpinejs/persist/-/persist-3.14.9.tgz",
      "integrity": "sha512-Td9hWEUtFFguYCRjXhq06sDultW21wXUnVro7YWJm+vjGu/nV/v3hepOXyYVjkGvH/F+zjx5UkzWXXzr3UiQ/w=="
    },
    "@alpinejs/ui": {
      "version": "3.14.9",
      "resolved": "https://registry.npmjs.org/@alpinejs/ui/-/ui-3.14.9.tgz",
      "integrity": "sha512-lpgMQ/ivxQScS6gbvQKuZL4iOWFjuvM88THqFJEb4MaCtc0cRVfa7i0qLoovpB4kOLRdOIiAV778sh3RixVxVg=="
    },
    "@emoji-mart/data": {
      "version": "1.2.1",
      "resolved": "https://registry.npmjs.org/@emoji-mart/data/-/data-1.2.1.tgz",
      "integrity": "sha512-no2pQMWiBy6gpBEiqGeU77/bFejDqUTRY7KX+0+iur13op3bqUsXdnwoZs6Xb1zbv0gAj5VvS1PWoUUckSr5Dw=="
    },
    "@emoji-mart/react": {
      "version": "1.1.1",
      "resolved": "https://registry.npmjs.org/@emoji-mart/react/-/react-1.1.1.tgz",
      "integrity": "sha512-NMlFNeWgv1//uPsvLxvGQoIerPuVdXwK/EUek8OOkJ6wVOWPUizRBJU0hDqWZCOROVpfBgCemaC3m6jDOXi03g=="
    },
    "@vue/reactivity": {
      "version": "3.1.5",
      "resolved": "https://registry.npmjs.org/@vue/reactivity/-/reactivity-3.1.5.tgz",
      "integrity": "sha512-1tdfLmNjWG6t/CsPldh+foumYFo3cpyCHgBYQ34ylaMsJ+SNHQ1kApMIa8jN+i593zQuaw3AdWH0nJTARzCFhg==",
      "requires": {
        "@vue/shared": "3.1.5"
      }
    },
    "@vue/shared": {
      "version": "3.1.5",
      "resolved": "https://registry.npmjs.org/@vue/shared/-/shared-3.1.5.tgz",
      "integrity": "sha512-oJ4F3TnvpXaQwZJNF3ZK+kLPHKarDmJjJ6jyzVNDKH9md1dptjC7lWR//jrGuLdek/U6iltWxqAnYOu8gCiOvA=="
    },
    "alpinejs": {
      "version": "3.14.9",
      "resolved": "https://registry.npmjs.org/alpinejs/-/alpinejs-3.14.9.tgz",
      "integrity": "sha512-gqSOhTEyryU9FhviNqiHBHzgjkvtukq9tevew29fTj+ofZtfsYriw4zPirHHOAy9bw8QoL3WGhyk7QqCh5AYlw==",
      "requires": {
        "@vue/reactivity": "~3.1.1"
      }
    },
    "emoji-mart": {
      "version": "5.6.0",
      "resolved": "https://registry.npmjs.org/emoji-mart/-/emoji-mart-5.6.0.tgz",
      "integrity": "sha512-eJp3QRe79pjwa+duv+n7+5YsNhRcMl812EcFVwrnRvYKoNPoQb5qxU8DG6Bgwji0akHdp6D4Ln6tYLG58MFSow=="
    },
    "focus-trap": {
      "version": "6.9.4",
      "resolved": "https://registry.npmjs.org/focus-trap/-/focus-trap-6.9.4.tgz",
      "integrity": "sha512-v2NTsZe2FF59Y+sDykKY+XjqZ0cPfhq/hikWVL88BqLivnNiEffAsac6rP6H45ff9wG9LL5ToiDqrLEP9GX9mw==",
      "requires": {
        "tabbable": "^5.3.3"
      }
    },
    "tabbable": {
      "version": "5.3.3",
      "resolved": "https://registry.npmjs.org/tabbable/-/tabbable-5.3.3.tgz",
      "integrity": "sha512-QD9qKY3StfbZqWOPLp0++pOrAVb/HbUi5xCc8cUo4XjP19808oaMiDzn0leBY5mCespIBM0CIZePzZjgzR83kA=="
    }
  }
}
